// !$*UTF8*$!
{
	archiveVersion = 1;
	classes = {
	};
	objectVersion = 56;
	objects = {

/* Begin PBXBuildFile section */
		764D8F7C2A7FDECA009A35CC /* SettingsPage.swift in Sources */ = {isa = PBXBuildFile; fileRef = 764D8F7B2A7FDECA009A35CC /* SettingsPage.swift */; };
		764D8F802A80046E009A35CC /* HourView.swift in Sources */ = {isa = PBXBuildFile; fileRef = 764D8F7F2A80046E009A35CC /* HourView.swift */; };
		764E09602A8786B100BD3524 /* RainGraph.swift in Sources */ = {isa = PBXBuildFile; fileRef = 764E095F2A8786B100BD3524 /* RainGraph.swift */; };
		764E09692A87F99800BD3524 /* WindGraph.swift in Sources */ = {isa = PBXBuildFile; fileRef = 764E09682A87F99800BD3524 /* WindGraph.swift */; };
		764E096B2A880C6400BD3524 /* UVGraph.swift in Sources */ = {isa = PBXBuildFile; fileRef = 764E096A2A880C6400BD3524 /* UVGraph.swift */; };
		764E096D2A8813B600BD3524 /* VisibilityGraph.swift in Sources */ = {isa = PBXBuildFile; fileRef = 764E096C2A8813B600BD3524 /* VisibilityGraph.swift */; };
		764E096F2A881AD700BD3524 /* FeelsLikeGraph.swift in Sources */ = {isa = PBXBuildFile; fileRef = 764E096E2A881AD700BD3524 /* FeelsLikeGraph.swift */; };
		764E09712A881C4D00BD3524 /* HumidityGraph.swift in Sources */ = {isa = PBXBuildFile; fileRef = 764E09702A881C4D00BD3524 /* HumidityGraph.swift */; };
		76506B2E2A863E8F0051AC30 /* WidgetKit.framework in Frameworks */ = {isa = PBXBuildFile; fileRef = 76506AFB2A863DAF0051AC30 /* WidgetKit.framework */; };
		76506B2F2A863E8F0051AC30 /* SwiftUI.framework in Frameworks */ = {isa = PBXBuildFile; fileRef = 76506AFD2A863DAF0051AC30 /* SwiftUI.framework */; };
		76506B322A863E8F0051AC30 /* WidgetsBundle.swift in Sources */ = {isa = PBXBuildFile; fileRef = 76506B312A863E8F0051AC30 /* WidgetsBundle.swift */; };
		76506B342A863E8F0051AC30 /* Widgets.swift in Sources */ = {isa = PBXBuildFile; fileRef = 76506B332A863E8F0051AC30 /* Widgets.swift */; };
		76506B382A863E920051AC30 /* Assets.xcassets in Resources */ = {isa = PBXBuildFile; fileRef = 76506B372A863E920051AC30 /* Assets.xcassets */; };
		76506B3C2A863E920051AC30 /* WidgetsExtension.appex in Embed Foundation Extensions */ = {isa = PBXBuildFile; fileRef = 76506B2D2A863E8F0051AC30 /* WidgetsExtension.appex */; settings = {ATTRIBUTES = (RemoveHeadersOnCopy, ); }; };
		76506B402A8642410051AC30 /* LocationManager.swift in Sources */ = {isa = PBXBuildFile; fileRef = 765644502A7C49690098F265 /* LocationManager.swift */; };
		76506B412A8642440051AC30 /* WeatherManager.swift in Sources */ = {isa = PBXBuildFile; fileRef = 76BD92B72A7E632800181F5A /* WeatherManager.swift */; };
		76506B5A2A8652280051AC30 /* Widgets.swift in Sources */ = {isa = PBXBuildFile; fileRef = 76506B332A863E8F0051AC30 /* Widgets.swift */; };
		7653D4D32A80DADD009CFEC2 /* DayView.swift in Sources */ = {isa = PBXBuildFile; fileRef = 7653D4D22A80DADD009CFEC2 /* DayView.swift */; };
		7653D4D72A8106AB009CFEC2 /* HourList.swift in Sources */ = {isa = PBXBuildFile; fileRef = 7653D4D62A8106AB009CFEC2 /* HourList.swift */; };
		7653D4DB2A8106FB009CFEC2 /* DayList.swift in Sources */ = {isa = PBXBuildFile; fileRef = 7653D4DA2A8106FB009CFEC2 /* DayList.swift */; };
		7653D4DD2A81074D009CFEC2 /* WeatherAttribution.swift in Sources */ = {isa = PBXBuildFile; fileRef = 7653D4DC2A81074D009CFEC2 /* WeatherAttribution.swift */; };
		765644292A7BBE840098F265 /* Weather_AppApp.swift in Sources */ = {isa = PBXBuildFile; fileRef = 765644282A7BBE840098F265 /* Weather_AppApp.swift */; };
		7656442B2A7BBE840098F265 /* ContentView.swift in Sources */ = {isa = PBXBuildFile; fileRef = 7656442A2A7BBE840098F265 /* ContentView.swift */; };
		7656442D2A7BBE850098F265 /* Assets.xcassets in Resources */ = {isa = PBXBuildFile; fileRef = 7656442C2A7BBE850098F265 /* Assets.xcassets */; };
		765644302A7BBE850098F265 /* Preview Assets.xcassets in Resources */ = {isa = PBXBuildFile; fileRef = 7656442F2A7BBE850098F265 /* Preview Assets.xcassets */; };
		765644392A7BC29D0098F265 /* WeatherLocation.swift in Sources */ = {isa = PBXBuildFile; fileRef = 765644382A7BC29D0098F265 /* WeatherLocation.swift */; };
		7656443B2A7BC5F80098F265 /* Background.swift in Sources */ = {isa = PBXBuildFile; fileRef = 7656443A2A7BC5F80098F265 /* Background.swift */; };
		7656443D2A7BCE7D0098F265 /* WeatherOverview.swift in Sources */ = {isa = PBXBuildFile; fileRef = 7656443C2A7BCE7D0098F265 /* WeatherOverview.swift */; };
		7656443F2A7BF1A30098F265 /* SearchPage.swift in Sources */ = {isa = PBXBuildFile; fileRef = 7656443E2A7BF1A30098F265 /* SearchPage.swift */; };
		765644412A7C1EFB0098F265 /* UserLocationMap.swift in Sources */ = {isa = PBXBuildFile; fileRef = 765644402A7C1EFB0098F265 /* UserLocationMap.swift */; };
		765644492A7C2C830098F265 /* HomePage.swift in Sources */ = {isa = PBXBuildFile; fileRef = 765644482A7C2C820098F265 /* HomePage.swift */; };
		765644512A7C49690098F265 /* LocationManager.swift in Sources */ = {isa = PBXBuildFile; fileRef = 765644502A7C49690098F265 /* LocationManager.swift */; };
		76596E7B2A94C4AD00E00BCC /* Styles.swift in Sources */ = {isa = PBXBuildFile; fileRef = 76596E7A2A94C4AD00E00BCC /* Styles.swift */; };
		76596E7E2A94C72600E00BCC /* Extensions.swift in Sources */ = {isa = PBXBuildFile; fileRef = 76596E7D2A94C72600E00BCC /* Extensions.swift */; };
		76596E7F2A94C73600E00BCC /* Extensions.swift in Sources */ = {isa = PBXBuildFile; fileRef = 76596E7D2A94C72600E00BCC /* Extensions.swift */; };
		76659BB02A8B728200CCAFC3 /* AddedLocationMap.swift in Sources */ = {isa = PBXBuildFile; fileRef = 76659BAF2A8B728200CCAFC3 /* AddedLocationMap.swift */; };
		76659BB22A8B731A00CCAFC3 /* FullMap.swift in Sources */ = {isa = PBXBuildFile; fileRef = 76659BB12A8B731A00CCAFC3 /* FullMap.swift */; };
		76659BB42A8B8D0300CCAFC3 /* WeatherInsights.swift in Sources */ = {isa = PBXBuildFile; fileRef = 76659BB32A8B8D0300CCAFC3 /* WeatherInsights.swift */; };
		76663EAE2A8A411A003DCF2D /* RainInfoGraph.swift in Sources */ = {isa = PBXBuildFile; fileRef = 76663EAD2A8A411A003DCF2D /* RainInfoGraph.swift */; };
		76BD92B82A7E632800181F5A /* WeatherManager.swift in Sources */ = {isa = PBXBuildFile; fileRef = 76BD92B72A7E632800181F5A /* WeatherManager.swift */; };
		76C2E9F82A81491500FAD559 /* Location.swift in Sources */ = {isa = PBXBuildFile; fileRef = 76C2E9F72A81491500FAD559 /* Location.swift */; };
/* End PBXBuildFile section */

/* Begin PBXContainerItemProxy section */
		76506B3A2A863E920051AC30 /* PBXContainerItemProxy */ = {
			isa = PBXContainerItemProxy;
			containerPortal = 7656441D2A7BBE840098F265 /* Project object */;
			proxyType = 1;
			remoteGlobalIDString = 76506B2C2A863E8F0051AC30;
			remoteInfo = WidgetsExtension;
		};
/* End PBXContainerItemProxy section */

/* Begin PBXCopyFilesBuildPhase section */
		76506B112A863DB10051AC30 /* Embed Foundation Extensions */ = {
			isa = PBXCopyFilesBuildPhase;
			buildActionMask = 2147483647;
			dstPath = "";
			dstSubfolderSpec = 13;
			files = (
				76506B3C2A863E920051AC30 /* WidgetsExtension.appex in Embed Foundation Extensions */,
			);
			name = "Embed Foundation Extensions";
			runOnlyForDeploymentPostprocessing = 0;
		};
/* End PBXCopyFilesBuildPhase section */

/* Begin PBXFileReference section */
		764D8F7A2A7FDC12009A35CC /* Weather-App.entitlements */ = {isa = PBXFileReference; lastKnownFileType = text.plist.entitlements; path = "Weather-App.entitlements"; sourceTree = "<group>"; };
		764D8F7B2A7FDECA009A35CC /* SettingsPage.swift */ = {isa = PBXFileReference; lastKnownFileType = sourcecode.swift; path = SettingsPage.swift; sourceTree = "<group>"; };
		764D8F7F2A80046E009A35CC /* HourView.swift */ = {isa = PBXFileReference; lastKnownFileType = sourcecode.swift; path = HourView.swift; sourceTree = "<group>"; };
		764E095F2A8786B100BD3524 /* RainGraph.swift */ = {isa = PBXFileReference; lastKnownFileType = sourcecode.swift; path = RainGraph.swift; sourceTree = "<group>"; };
		764E09682A87F99800BD3524 /* WindGraph.swift */ = {isa = PBXFileReference; lastKnownFileType = sourcecode.swift; path = WindGraph.swift; sourceTree = "<group>"; };
		764E096A2A880C6400BD3524 /* UVGraph.swift */ = {isa = PBXFileReference; lastKnownFileType = sourcecode.swift; path = UVGraph.swift; sourceTree = "<group>"; };
		764E096C2A8813B600BD3524 /* VisibilityGraph.swift */ = {isa = PBXFileReference; lastKnownFileType = sourcecode.swift; path = VisibilityGraph.swift; sourceTree = "<group>"; };
		764E096E2A881AD700BD3524 /* FeelsLikeGraph.swift */ = {isa = PBXFileReference; lastKnownFileType = sourcecode.swift; path = FeelsLikeGraph.swift; sourceTree = "<group>"; };
		764E09702A881C4D00BD3524 /* HumidityGraph.swift */ = {isa = PBXFileReference; lastKnownFileType = sourcecode.swift; path = HumidityGraph.swift; sourceTree = "<group>"; };
		76506AFB2A863DAF0051AC30 /* WidgetKit.framework */ = {isa = PBXFileReference; lastKnownFileType = wrapper.framework; name = WidgetKit.framework; path = System/Library/Frameworks/WidgetKit.framework; sourceTree = SDKROOT; };
		76506AFD2A863DAF0051AC30 /* SwiftUI.framework */ = {isa = PBXFileReference; lastKnownFileType = wrapper.framework; name = SwiftUI.framework; path = System/Library/Frameworks/SwiftUI.framework; sourceTree = SDKROOT; };
		76506B2D2A863E8F0051AC30 /* WidgetsExtension.appex */ = {isa = PBXFileReference; explicitFileType = "wrapper.app-extension"; includeInIndex = 0; path = WidgetsExtension.appex; sourceTree = BUILT_PRODUCTS_DIR; };
		76506B312A863E8F0051AC30 /* WidgetsBundle.swift */ = {isa = PBXFileReference; lastKnownFileType = sourcecode.swift; path = WidgetsBundle.swift; sourceTree = "<group>"; };
		76506B332A863E8F0051AC30 /* Widgets.swift */ = {isa = PBXFileReference; lastKnownFileType = sourcecode.swift; path = Widgets.swift; sourceTree = "<group>"; };
		76506B372A863E920051AC30 /* Assets.xcassets */ = {isa = PBXFileReference; lastKnownFileType = folder.assetcatalog; path = Assets.xcassets; sourceTree = "<group>"; };
		76506B392A863E920051AC30 /* Info.plist */ = {isa = PBXFileReference; lastKnownFileType = text.plist.xml; path = Info.plist; sourceTree = "<group>"; };
		76506B592A864C1E0051AC30 /* WidgetsExtension.entitlements */ = {isa = PBXFileReference; lastKnownFileType = text.plist.entitlements; path = WidgetsExtension.entitlements; sourceTree = "<group>"; };
		7653D4D22A80DADD009CFEC2 /* DayView.swift */ = {isa = PBXFileReference; lastKnownFileType = sourcecode.swift; path = DayView.swift; sourceTree = "<group>"; };
		7653D4D62A8106AB009CFEC2 /* HourList.swift */ = {isa = PBXFileReference; lastKnownFileType = sourcecode.swift; path = HourList.swift; sourceTree = "<group>"; };
		7653D4DA2A8106FB009CFEC2 /* DayList.swift */ = {isa = PBXFileReference; lastKnownFileType = sourcecode.swift; path = DayList.swift; sourceTree = "<group>"; };
		7653D4DC2A81074D009CFEC2 /* WeatherAttribution.swift */ = {isa = PBXFileReference; lastKnownFileType = sourcecode.swift; path = WeatherAttribution.swift; sourceTree = "<group>"; };
		765644252A7BBE840098F265 /* Weather-App.app */ = {isa = PBXFileReference; explicitFileType = wrapper.application; includeInIndex = 0; path = "Weather-App.app"; sourceTree = BUILT_PRODUCTS_DIR; };
		765644282A7BBE840098F265 /* Weather_AppApp.swift */ = {isa = PBXFileReference; lastKnownFileType = sourcecode.swift; path = Weather_AppApp.swift; sourceTree = "<group>"; };
		7656442A2A7BBE840098F265 /* ContentView.swift */ = {isa = PBXFileReference; lastKnownFileType = sourcecode.swift; path = ContentView.swift; sourceTree = "<group>"; };
		7656442C2A7BBE850098F265 /* Assets.xcassets */ = {isa = PBXFileReference; lastKnownFileType = folder.assetcatalog; path = Assets.xcassets; sourceTree = "<group>"; };
		7656442F2A7BBE850098F265 /* Preview Assets.xcassets */ = {isa = PBXFileReference; lastKnownFileType = folder.assetcatalog; path = "Preview Assets.xcassets"; sourceTree = "<group>"; };
		765644382A7BC29D0098F265 /* WeatherLocation.swift */ = {isa = PBXFileReference; lastKnownFileType = sourcecode.swift; path = WeatherLocation.swift; sourceTree = "<group>"; };
		7656443A2A7BC5F80098F265 /* Background.swift */ = {isa = PBXFileReference; lastKnownFileType = sourcecode.swift; path = Background.swift; sourceTree = "<group>"; };
		7656443C2A7BCE7D0098F265 /* WeatherOverview.swift */ = {isa = PBXFileReference; lastKnownFileType = sourcecode.swift; path = WeatherOverview.swift; sourceTree = "<group>"; };
		7656443E2A7BF1A30098F265 /* SearchPage.swift */ = {isa = PBXFileReference; lastKnownFileType = sourcecode.swift; path = SearchPage.swift; sourceTree = "<group>"; };
		765644402A7C1EFB0098F265 /* UserLocationMap.swift */ = {isa = PBXFileReference; lastKnownFileType = sourcecode.swift; path = UserLocationMap.swift; sourceTree = "<group>"; };
		765644452A7C25710098F265 /* Info.plist */ = {isa = PBXFileReference; lastKnownFileType = text.plist; path = Info.plist; sourceTree = "<group>"; };
		765644482A7C2C820098F265 /* HomePage.swift */ = {isa = PBXFileReference; lastKnownFileType = sourcecode.swift; path = HomePage.swift; sourceTree = "<group>"; };
		765644502A7C49690098F265 /* LocationManager.swift */ = {isa = PBXFileReference; lastKnownFileType = sourcecode.swift; path = LocationManager.swift; sourceTree = "<group>"; };
		765644522A7C4C660098F265 /* gpxgenerator_path.gpx */ = {isa = PBXFileReference; lastKnownFileType = text.xml; path = gpxgenerator_path.gpx; sourceTree = "<group>"; };
		76596E7A2A94C4AD00E00BCC /* Styles.swift */ = {isa = PBXFileReference; lastKnownFileType = sourcecode.swift; path = Styles.swift; sourceTree = "<group>"; };
		76596E7D2A94C72600E00BCC /* Extensions.swift */ = {isa = PBXFileReference; lastKnownFileType = sourcecode.swift; path = Extensions.swift; sourceTree = "<group>"; };
		76659BAF2A8B728200CCAFC3 /* AddedLocationMap.swift */ = {isa = PBXFileReference; lastKnownFileType = sourcecode.swift; path = AddedLocationMap.swift; sourceTree = "<group>"; };
		76659BB12A8B731A00CCAFC3 /* FullMap.swift */ = {isa = PBXFileReference; lastKnownFileType = sourcecode.swift; path = FullMap.swift; sourceTree = "<group>"; };
		76659BB32A8B8D0300CCAFC3 /* WeatherInsights.swift */ = {isa = PBXFileReference; lastKnownFileType = sourcecode.swift; path = WeatherInsights.swift; sourceTree = "<group>"; };
		76663EAD2A8A411A003DCF2D /* RainInfoGraph.swift */ = {isa = PBXFileReference; lastKnownFileType = sourcecode.swift; path = RainInfoGraph.swift; sourceTree = "<group>"; };
		76BD92B72A7E632800181F5A /* WeatherManager.swift */ = {isa = PBXFileReference; lastKnownFileType = sourcecode.swift; path = WeatherManager.swift; sourceTree = "<group>"; };
		76C2E9F72A81491500FAD559 /* Location.swift */ = {isa = PBXFileReference; lastKnownFileType = sourcecode.swift; path = Location.swift; sourceTree = "<group>"; };
/* End PBXFileReference section */

/* Begin PBXFrameworksBuildPhase section */
		76506B2A2A863E8F0051AC30 /* Frameworks */ = {
			isa = PBXFrameworksBuildPhase;
			buildActionMask = 2147483647;
			files = (
				76506B2F2A863E8F0051AC30 /* SwiftUI.framework in Frameworks */,
				76506B2E2A863E8F0051AC30 /* WidgetKit.framework in Frameworks */,
			);
			runOnlyForDeploymentPostprocessing = 0;
		};
		765644222A7BBE840098F265 /* Frameworks */ = {
			isa = PBXFrameworksBuildPhase;
			buildActionMask = 2147483647;
			files = (
			);
			runOnlyForDeploymentPostprocessing = 0;
		};
/* End PBXFrameworksBuildPhase section */

/* Begin PBXGroup section */
		764E09672A87E3D400BD3524 /* Graph Views */ = {
			isa = PBXGroup;
			children = (
				764E095F2A8786B100BD3524 /* RainGraph.swift */,
				764E09682A87F99800BD3524 /* WindGraph.swift */,
				764E096A2A880C6400BD3524 /* UVGraph.swift */,
				764E096C2A8813B600BD3524 /* VisibilityGraph.swift */,
				764E096E2A881AD700BD3524 /* FeelsLikeGraph.swift */,
				764E09702A881C4D00BD3524 /* HumidityGraph.swift */,
				76663EAD2A8A411A003DCF2D /* RainInfoGraph.swift */,
			);
			path = "Graph Views";
			sourceTree = "<group>";
		};
		76506AFA2A863DAF0051AC30 /* Frameworks */ = {
			isa = PBXGroup;
			children = (
				76506AFB2A863DAF0051AC30 /* WidgetKit.framework */,
				76506AFD2A863DAF0051AC30 /* SwiftUI.framework */,
			);
			name = Frameworks;
			sourceTree = "<group>";
		};
		76506B302A863E8F0051AC30 /* Widgets */ = {
			isa = PBXGroup;
			children = (
				76506B312A863E8F0051AC30 /* WidgetsBundle.swift */,
				76506B332A863E8F0051AC30 /* Widgets.swift */,
				76506B372A863E920051AC30 /* Assets.xcassets */,
				76506B392A863E920051AC30 /* Info.plist */,
			);
			path = Widgets;
			sourceTree = "<group>";
		};
		7653D4DE2A8108F2009CFEC2 /* Hour Views */ = {
			isa = PBXGroup;
			children = (
				764D8F7F2A80046E009A35CC /* HourView.swift */,
				7653D4D62A8106AB009CFEC2 /* HourList.swift */,
			);
			path = "Hour Views";
			sourceTree = "<group>";
		};
		7653D4DF2A8108FB009CFEC2 /* Day Views */ = {
			isa = PBXGroup;
			children = (
				7653D4D22A80DADD009CFEC2 /* DayView.swift */,
				7653D4DA2A8106FB009CFEC2 /* DayList.swift */,
			);
			path = "Day Views";
			sourceTree = "<group>";
		};
		7656441C2A7BBE840098F265 = {
			isa = PBXGroup;
			children = (
				76506B592A864C1E0051AC30 /* WidgetsExtension.entitlements */,
				765644522A7C4C660098F265 /* gpxgenerator_path.gpx */,
				765644272A7BBE840098F265 /* Weather-App */,
				76506B302A863E8F0051AC30 /* Widgets */,
				76506AFA2A863DAF0051AC30 /* Frameworks */,
				765644262A7BBE840098F265 /* Products */,
			);
			sourceTree = "<group>";
		};
		765644262A7BBE840098F265 /* Products */ = {
			isa = PBXGroup;
			children = (
				765644252A7BBE840098F265 /* Weather-App.app */,
				76506B2D2A863E8F0051AC30 /* WidgetsExtension.appex */,
			);
			name = Products;
			sourceTree = "<group>";
		};
		765644272A7BBE840098F265 /* Weather-App */ = {
			isa = PBXGroup;
			children = (
				764D8F7A2A7FDC12009A35CC /* Weather-App.entitlements */,
				765644452A7C25710098F265 /* Info.plist */,
				76596E7C2A94C71200E00BCC /* Extensions */,
				765644422A7C21F50098F265 /* Classes */,
				76596E792A94C49A00E00BCC /* Custom Styles */,
				765644362A7BBF4B0098F265 /* Views */,
				765644282A7BBE840098F265 /* Weather_AppApp.swift */,
				7656442A2A7BBE840098F265 /* ContentView.swift */,
				7656442C2A7BBE850098F265 /* Assets.xcassets */,
				7656442E2A7BBE850098F265 /* Preview Content */,
			);
			path = "Weather-App";
			sourceTree = "<group>";
		};
		7656442E2A7BBE850098F265 /* Preview Content */ = {
			isa = PBXGroup;
			children = (
				7656442F2A7BBE850098F265 /* Preview Assets.xcassets */,
			);
			path = "Preview Content";
			sourceTree = "<group>";
		};
		765644362A7BBF4B0098F265 /* Views */ = {
			isa = PBXGroup;
			children = (
				765644552A7C4DF90098F265 /* Helper Views */,
				76659BAE2A8B726C00CCAFC3 /* Map Views */,
				765644542A7C4DE10098F265 /* Navigation Views */,
				765644532A7C4DCB0098F265 /* Weather Views */,
			);
			path = Views;
			sourceTree = "<group>";
		};
		765644422A7C21F50098F265 /* Classes */ = {
			isa = PBXGroup;
			children = (
				765644502A7C49690098F265 /* LocationManager.swift */,
				76BD92B72A7E632800181F5A /* WeatherManager.swift */,
				76C2E9F72A81491500FAD559 /* Location.swift */,
			);
			path = Classes;
			sourceTree = "<group>";
		};
		765644532A7C4DCB0098F265 /* Weather Views */ = {
			isa = PBXGroup;
			children = (
				7653D4DC2A81074D009CFEC2 /* WeatherAttribution.swift */,
				765644382A7BC29D0098F265 /* WeatherLocation.swift */,
				7656443C2A7BCE7D0098F265 /* WeatherOverview.swift */,
				76659BB32A8B8D0300CCAFC3 /* WeatherInsights.swift */,
				7653D4DE2A8108F2009CFEC2 /* Hour Views */,
				7653D4DF2A8108FB009CFEC2 /* Day Views */,
				764E09672A87E3D400BD3524 /* Graph Views */,
			);
			path = "Weather Views";
			sourceTree = "<group>";
		};
		765644542A7C4DE10098F265 /* Navigation Views */ = {
			isa = PBXGroup;
			children = (
				765644482A7C2C820098F265 /* HomePage.swift */,
				7656443E2A7BF1A30098F265 /* SearchPage.swift */,
				764D8F7B2A7FDECA009A35CC /* SettingsPage.swift */,
			);
			path = "Navigation Views";
			sourceTree = "<group>";
		};
		765644552A7C4DF90098F265 /* Helper Views */ = {
			isa = PBXGroup;
			children = (
				7656443A2A7BC5F80098F265 /* Background.swift */,
			);
			path = "Helper Views";
			sourceTree = "<group>";
		};
		76596E792A94C49A00E00BCC /* Custom Styles */ = {
			isa = PBXGroup;
			children = (
				76596E7A2A94C4AD00E00BCC /* Styles.swift */,
			);
			path = "Custom Styles";
			sourceTree = "<group>";
		};
		76596E7C2A94C71200E00BCC /* Extensions */ = {
			isa = PBXGroup;
			children = (
				76596E7D2A94C72600E00BCC /* Extensions.swift */,
			);
			path = Extensions;
			sourceTree = "<group>";
		};
		76659BAE2A8B726C00CCAFC3 /* Map Views */ = {
			isa = PBXGroup;
			children = (
				765644402A7C1EFB0098F265 /* UserLocationMap.swift */,
				76659BAF2A8B728200CCAFC3 /* AddedLocationMap.swift */,
				76659BB12A8B731A00CCAFC3 /* FullMap.swift */,
			);
			path = "Map Views";
			sourceTree = "<group>";
		};
/* End PBXGroup section */

/* Begin PBXNativeTarget section */
		76506B2C2A863E8F0051AC30 /* WidgetsExtension */ = {
			isa = PBXNativeTarget;
			buildConfigurationList = 76506B3D2A863E920051AC30 /* Build configuration list for PBXNativeTarget "WidgetsExtension" */;
			buildPhases = (
				76506B292A863E8F0051AC30 /* Sources */,
				76506B2A2A863E8F0051AC30 /* Frameworks */,
				76506B2B2A863E8F0051AC30 /* Resources */,
			);
			buildRules = (
			);
			dependencies = (
			);
			name = WidgetsExtension;
			productName = WidgetsExtension;
			productReference = 76506B2D2A863E8F0051AC30 /* WidgetsExtension.appex */;
			productType = "com.apple.product-type.app-extension";
		};
		765644242A7BBE840098F265 /* Weather-App */ = {
			isa = PBXNativeTarget;
			buildConfigurationList = 765644332A7BBE850098F265 /* Build configuration list for PBXNativeTarget "Weather-App" */;
			buildPhases = (
				765644212A7BBE840098F265 /* Sources */,
				765644222A7BBE840098F265 /* Frameworks */,
				765644232A7BBE840098F265 /* Resources */,
				76506B112A863DB10051AC30 /* Embed Foundation Extensions */,
			);
			buildRules = (
			);
			dependencies = (
				76506B3B2A863E920051AC30 /* PBXTargetDependency */,
			);
			name = "Weather-App";
			productName = "Weather-App";
			productReference = 765644252A7BBE840098F265 /* Weather-App.app */;
			productType = "com.apple.product-type.application";
		};
/* End PBXNativeTarget section */

/* Begin PBXProject section */
		7656441D2A7BBE840098F265 /* Project object */ = {
			isa = PBXProject;
			attributes = {
				BuildIndependentTargetsInParallel = 1;
				LastSwiftUpdateCheck = 1500;
				LastUpgradeCheck = 1500;
				TargetAttributes = {
					76506B2C2A863E8F0051AC30 = {
						CreatedOnToolsVersion = 15.0;
					};
					765644242A7BBE840098F265 = {
						CreatedOnToolsVersion = 14.3.1;
					};
				};
			};
			buildConfigurationList = 765644202A7BBE840098F265 /* Build configuration list for PBXProject "Weather-App" */;
			compatibilityVersion = "Xcode 14.0";
			developmentRegion = en;
			hasScannedForEncodings = 0;
			knownRegions = (
				en,
				Base,
			);
			mainGroup = 7656441C2A7BBE840098F265;
			productRefGroup = 765644262A7BBE840098F265 /* Products */;
			projectDirPath = "";
			projectRoot = "";
			targets = (
				765644242A7BBE840098F265 /* Weather-App */,
				76506B2C2A863E8F0051AC30 /* WidgetsExtension */,
			);
		};
/* End PBXProject section */

/* Begin PBXResourcesBuildPhase section */
		76506B2B2A863E8F0051AC30 /* Resources */ = {
			isa = PBXResourcesBuildPhase;
			buildActionMask = 2147483647;
			files = (
				76506B382A863E920051AC30 /* Assets.xcassets in Resources */,
			);
			runOnlyForDeploymentPostprocessing = 0;
		};
		765644232A7BBE840098F265 /* Resources */ = {
			isa = PBXResourcesBuildPhase;
			buildActionMask = 2147483647;
			files = (
				765644302A7BBE850098F265 /* Preview Assets.xcassets in Resources */,
				7656442D2A7BBE850098F265 /* Assets.xcassets in Resources */,
			);
			runOnlyForDeploymentPostprocessing = 0;
		};
/* End PBXResourcesBuildPhase section */

/* Begin PBXSourcesBuildPhase section */
		76506B292A863E8F0051AC30 /* Sources */ = {
			isa = PBXSourcesBuildPhase;
			buildActionMask = 2147483647;
			files = (
				76596E7F2A94C73600E00BCC /* Extensions.swift in Sources */,
				76506B402A8642410051AC30 /* LocationManager.swift in Sources */,
				76506B412A8642440051AC30 /* WeatherManager.swift in Sources */,
				76506B322A863E8F0051AC30 /* WidgetsBundle.swift in Sources */,
				76506B342A863E8F0051AC30 /* Widgets.swift in Sources */,
			);
			runOnlyForDeploymentPostprocessing = 0;
		};
		765644212A7BBE840098F265 /* Sources */ = {
			isa = PBXSourcesBuildPhase;
			buildActionMask = 2147483647;
			files = (
				765644412A7C1EFB0098F265 /* UserLocationMap.swift in Sources */,
				764D8F7C2A7FDECA009A35CC /* SettingsPage.swift in Sources */,
				76BD92B82A7E632800181F5A /* WeatherManager.swift in Sources */,
				764E096B2A880C6400BD3524 /* UVGraph.swift in Sources */,
				764E09692A87F99800BD3524 /* WindGraph.swift in Sources */,
				76659BB42A8B8D0300CCAFC3 /* WeatherInsights.swift in Sources */,
				76C2E9F82A81491500FAD559 /* Location.swift in Sources */,
				7656442B2A7BBE840098F265 /* ContentView.swift in Sources */,
				764E09602A8786B100BD3524 /* RainGraph.swift in Sources */,
				765644292A7BBE840098F265 /* Weather_AppApp.swift in Sources */,
				764E096D2A8813B600BD3524 /* VisibilityGraph.swift in Sources */,
				7653D4DB2A8106FB009CFEC2 /* DayList.swift in Sources */,
				7656443F2A7BF1A30098F265 /* SearchPage.swift in Sources */,
				76506B5A2A8652280051AC30 /* Widgets.swift in Sources */,
				76596E7B2A94C4AD00E00BCC /* Styles.swift in Sources */,
				7653D4D32A80DADD009CFEC2 /* DayView.swift in Sources */,
				7653D4DD2A81074D009CFEC2 /* WeatherAttribution.swift in Sources */,
				7653D4D72A8106AB009CFEC2 /* HourList.swift in Sources */,
				765644392A7BC29D0098F265 /* WeatherLocation.swift in Sources */,
				765644492A7C2C830098F265 /* HomePage.swift in Sources */,
				7656443B2A7BC5F80098F265 /* Background.swift in Sources */,
				764E09712A881C4D00BD3524 /* HumidityGraph.swift in Sources */,
				76659BB22A8B731A00CCAFC3 /* FullMap.swift in Sources */,
				764D8F802A80046E009A35CC /* HourView.swift in Sources */,
				764E096F2A881AD700BD3524 /* FeelsLikeGraph.swift in Sources */,
				76596E7E2A94C72600E00BCC /* Extensions.swift in Sources */,
				7656443D2A7BCE7D0098F265 /* WeatherOverview.swift in Sources */,
				76663EAE2A8A411A003DCF2D /* RainInfoGraph.swift in Sources */,
				765644512A7C49690098F265 /* LocationManager.swift in Sources */,
				76659BB02A8B728200CCAFC3 /* AddedLocationMap.swift in Sources */,
			);
			runOnlyForDeploymentPostprocessing = 0;
		};
/* End PBXSourcesBuildPhase section */

/* Begin PBXTargetDependency section */
		76506B3B2A863E920051AC30 /* PBXTargetDependency */ = {
			isa = PBXTargetDependency;
			target = 76506B2C2A863E8F0051AC30 /* WidgetsExtension */;
			targetProxy = 76506B3A2A863E920051AC30 /* PBXContainerItemProxy */;
		};
/* End PBXTargetDependency section */

/* Begin XCBuildConfiguration section */
		76506B3E2A863E920051AC30 /* Debug */ = {
			isa = XCBuildConfiguration;
			buildSettings = {
				ASSETCATALOG_COMPILER_GENERATE_SWIFT_ASSET_SYMBOL_EXTENSIONS = YES;
				ASSETCATALOG_COMPILER_GLOBAL_ACCENT_COLOR_NAME = AccentColor;
				ASSETCATALOG_COMPILER_WIDGET_BACKGROUND_COLOR_NAME = WidgetBackground;
				CODE_SIGN_ENTITLEMENTS = WidgetsExtension.entitlements;
				CODE_SIGN_IDENTITY = "Apple Development";
				CODE_SIGN_STYLE = Automatic;
				CURRENT_PROJECT_VERSION = 1;
				DEVELOPMENT_TEAM = W8974D23AK;
				GCC_C_LANGUAGE_STANDARD = gnu17;
				GENERATE_INFOPLIST_FILE = YES;
				INFOPLIST_FILE = Widgets/Info.plist;
				INFOPLIST_KEY_CFBundleDisplayName = Widgets;
				INFOPLIST_KEY_NSHumanReadableCopyright = "";
				IPHONEOS_DEPLOYMENT_TARGET = 17.0;
				LD_RUNPATH_SEARCH_PATHS = (
					"$(inherited)",
					"@executable_path/Frameworks",
					"@executable_path/../../Frameworks",
				);
				LOCALIZATION_PREFERS_STRING_CATALOGS = YES;
				MARKETING_VERSION = 1.0;
				PRODUCT_BUNDLE_IDENTIFIER = "matt54633.Weather-App.Widgets";
				PRODUCT_NAME = "$(TARGET_NAME)";
				SKIP_INSTALL = YES;
				SWIFT_ACTIVE_COMPILATION_CONDITIONS = "DEBUG $(inherited)";
				SWIFT_EMIT_LOC_STRINGS = YES;
				SWIFT_VERSION = 5.0;
				TARGETED_DEVICE_FAMILY = "1,2";
			};
			name = Debug;
		};
		76506B3F2A863E920051AC30 /* Release */ = {
			isa = XCBuildConfiguration;
			buildSettings = {
				ASSETCATALOG_COMPILER_GENERATE_SWIFT_ASSET_SYMBOL_EXTENSIONS = YES;
				ASSETCATALOG_COMPILER_GLOBAL_ACCENT_COLOR_NAME = AccentColor;
				ASSETCATALOG_COMPILER_WIDGET_BACKGROUND_COLOR_NAME = WidgetBackground;
				CODE_SIGN_ENTITLEMENTS = WidgetsExtension.entitlements;
				CODE_SIGN_IDENTITY = "Apple Development";
				CODE_SIGN_STYLE = Automatic;
				CURRENT_PROJECT_VERSION = 1;
				DEVELOPMENT_TEAM = W8974D23AK;
				GCC_C_LANGUAGE_STANDARD = gnu17;
				GENERATE_INFOPLIST_FILE = YES;
				INFOPLIST_FILE = Widgets/Info.plist;
				INFOPLIST_KEY_CFBundleDisplayName = Widgets;
				INFOPLIST_KEY_NSHumanReadableCopyright = "";
				IPHONEOS_DEPLOYMENT_TARGET = 17.0;
				LD_RUNPATH_SEARCH_PATHS = (
					"$(inherited)",
					"@executable_path/Frameworks",
					"@executable_path/../../Frameworks",
				);
				LOCALIZATION_PREFERS_STRING_CATALOGS = YES;
				MARKETING_VERSION = 1.0;
				PRODUCT_BUNDLE_IDENTIFIER = "matt54633.Weather-App.Widgets";
				PRODUCT_NAME = "$(TARGET_NAME)";
				SKIP_INSTALL = YES;
				SWIFT_EMIT_LOC_STRINGS = YES;
				SWIFT_VERSION = 5.0;
				TARGETED_DEVICE_FAMILY = "1,2";
			};
			name = Release;
		};
		765644312A7BBE850098F265 /* Debug */ = {
			isa = XCBuildConfiguration;
			buildSettings = {
				ALWAYS_SEARCH_USER_PATHS = NO;
				CLANG_ANALYZER_NONNULL = YES;
				CLANG_ANALYZER_NUMBER_OBJECT_CONVERSION = YES_AGGRESSIVE;
				CLANG_CXX_LANGUAGE_STANDARD = "gnu++20";
				CLANG_ENABLE_MODULES = YES;
				CLANG_ENABLE_OBJC_ARC = YES;
				CLANG_ENABLE_OBJC_WEAK = YES;
				CLANG_WARN_BLOCK_CAPTURE_AUTORELEASING = YES;
				CLANG_WARN_BOOL_CONVERSION = YES;
				CLANG_WARN_COMMA = YES;
				CLANG_WARN_CONSTANT_CONVERSION = YES;
				CLANG_WARN_DEPRECATED_OBJC_IMPLEMENTATIONS = YES;
				CLANG_WARN_DIRECT_OBJC_ISA_USAGE = YES_ERROR;
				CLANG_WARN_DOCUMENTATION_COMMENTS = YES;
				CLANG_WARN_EMPTY_BODY = YES;
				CLANG_WARN_ENUM_CONVERSION = YES;
				CLANG_WARN_INFINITE_RECURSION = YES;
				CLANG_WARN_INT_CONVERSION = YES;
				CLANG_WARN_NON_LITERAL_NULL_CONVERSION = YES;
				CLANG_WARN_OBJC_IMPLICIT_RETAIN_SELF = YES;
				CLANG_WARN_OBJC_LITERAL_CONVERSION = YES;
				CLANG_WARN_OBJC_ROOT_CLASS = YES_ERROR;
				CLANG_WARN_QUOTED_INCLUDE_IN_FRAMEWORK_HEADER = YES;
				CLANG_WARN_RANGE_LOOP_ANALYSIS = YES;
				CLANG_WARN_STRICT_PROTOTYPES = YES;
				CLANG_WARN_SUSPICIOUS_MOVE = YES;
				CLANG_WARN_UNGUARDED_AVAILABILITY = YES_AGGRESSIVE;
				CLANG_WARN_UNREACHABLE_CODE = YES;
				CLANG_WARN__DUPLICATE_METHOD_MATCH = YES;
				COPY_PHASE_STRIP = NO;
				DEBUG_INFORMATION_FORMAT = dwarf;
				ENABLE_STRICT_OBJC_MSGSEND = YES;
				ENABLE_TESTABILITY = YES;
				ENABLE_USER_SCRIPT_SANDBOXING = YES;
				GCC_C_LANGUAGE_STANDARD = gnu11;
				GCC_DYNAMIC_NO_PIC = NO;
				GCC_NO_COMMON_BLOCKS = YES;
				GCC_OPTIMIZATION_LEVEL = 0;
				GCC_PREPROCESSOR_DEFINITIONS = (
					"DEBUG=1",
					"$(inherited)",
				);
				GCC_WARN_64_TO_32_BIT_CONVERSION = YES;
				GCC_WARN_ABOUT_RETURN_TYPE = YES_ERROR;
				GCC_WARN_UNDECLARED_SELECTOR = YES;
				GCC_WARN_UNINITIALIZED_AUTOS = YES_AGGRESSIVE;
				GCC_WARN_UNUSED_FUNCTION = YES;
				GCC_WARN_UNUSED_VARIABLE = YES;
				IPHONEOS_DEPLOYMENT_TARGET = 16.6;
				MTL_ENABLE_DEBUG_INFO = INCLUDE_SOURCE;
				MTL_FAST_MATH = YES;
				ONLY_ACTIVE_ARCH = YES;
				SDKROOT = iphoneos;
				SWIFT_ACTIVE_COMPILATION_CONDITIONS = DEBUG;
				SWIFT_OPTIMIZATION_LEVEL = "-Onone";
			};
			name = Debug;
		};
		765644322A7BBE850098F265 /* Release */ = {
			isa = XCBuildConfiguration;
			buildSettings = {
				ALWAYS_SEARCH_USER_PATHS = NO;
				CLANG_ANALYZER_NONNULL = YES;
				CLANG_ANALYZER_NUMBER_OBJECT_CONVERSION = YES_AGGRESSIVE;
				CLANG_CXX_LANGUAGE_STANDARD = "gnu++20";
				CLANG_ENABLE_MODULES = YES;
				CLANG_ENABLE_OBJC_ARC = YES;
				CLANG_ENABLE_OBJC_WEAK = YES;
				CLANG_WARN_BLOCK_CAPTURE_AUTORELEASING = YES;
				CLANG_WARN_BOOL_CONVERSION = YES;
				CLANG_WARN_COMMA = YES;
				CLANG_WARN_CONSTANT_CONVERSION = YES;
				CLANG_WARN_DEPRECATED_OBJC_IMPLEMENTATIONS = YES;
				CLANG_WARN_DIRECT_OBJC_ISA_USAGE = YES_ERROR;
				CLANG_WARN_DOCUMENTATION_COMMENTS = YES;
				CLANG_WARN_EMPTY_BODY = YES;
				CLANG_WARN_ENUM_CONVERSION = YES;
				CLANG_WARN_INFINITE_RECURSION = YES;
				CLANG_WARN_INT_CONVERSION = YES;
				CLANG_WARN_NON_LITERAL_NULL_CONVERSION = YES;
				CLANG_WARN_OBJC_IMPLICIT_RETAIN_SELF = YES;
				CLANG_WARN_OBJC_LITERAL_CONVERSION = YES;
				CLANG_WARN_OBJC_ROOT_CLASS = YES_ERROR;
				CLANG_WARN_QUOTED_INCLUDE_IN_FRAMEWORK_HEADER = YES;
				CLANG_WARN_RANGE_LOOP_ANALYSIS = YES;
				CLANG_WARN_STRICT_PROTOTYPES = YES;
				CLANG_WARN_SUSPICIOUS_MOVE = YES;
				CLANG_WARN_UNGUARDED_AVAILABILITY = YES_AGGRESSIVE;
				CLANG_WARN_UNREACHABLE_CODE = YES;
				CLANG_WARN__DUPLICATE_METHOD_MATCH = YES;
				COPY_PHASE_STRIP = NO;
				DEBUG_INFORMATION_FORMAT = "dwarf-with-dsym";
				ENABLE_NS_ASSERTIONS = NO;
				ENABLE_STRICT_OBJC_MSGSEND = YES;
				ENABLE_USER_SCRIPT_SANDBOXING = YES;
				GCC_C_LANGUAGE_STANDARD = gnu11;
				GCC_NO_COMMON_BLOCKS = YES;
				GCC_WARN_64_TO_32_BIT_CONVERSION = YES;
				GCC_WARN_ABOUT_RETURN_TYPE = YES_ERROR;
				GCC_WARN_UNDECLARED_SELECTOR = YES;
				GCC_WARN_UNINITIALIZED_AUTOS = YES_AGGRESSIVE;
				GCC_WARN_UNUSED_FUNCTION = YES;
				GCC_WARN_UNUSED_VARIABLE = YES;
				IPHONEOS_DEPLOYMENT_TARGET = 16.6;
				MTL_ENABLE_DEBUG_INFO = NO;
				MTL_FAST_MATH = YES;
				SDKROOT = iphoneos;
				SWIFT_COMPILATION_MODE = wholemodule;
				SWIFT_OPTIMIZATION_LEVEL = "-O";
				VALIDATE_PRODUCT = YES;
			};
			name = Release;
		};
		765644342A7BBE850098F265 /* Debug */ = {
			isa = XCBuildConfiguration;
			buildSettings = {
				ALWAYS_EMBED_SWIFT_STANDARD_LIBRARIES = YES;
				ASSETCATALOG_COMPILER_APPICON_NAME = AppIcon;
				ASSETCATALOG_COMPILER_GLOBAL_ACCENT_COLOR_NAME = AccentColor;
				CODE_SIGN_ENTITLEMENTS = "Weather-App/Weather-App.entitlements";
				CODE_SIGN_IDENTITY = "Apple Development";
				CODE_SIGN_STYLE = Automatic;
				CURRENT_PROJECT_VERSION = 1;
				DEVELOPMENT_ASSET_PATHS = "\"Weather-App/Preview Content\"";
				DEVELOPMENT_TEAM = W8974D23AK;
				ENABLE_PREVIEWS = YES;
				GENERATE_INFOPLIST_FILE = YES;
				INFOPLIST_FILE = "Weather-App/Info.plist";
				INFOPLIST_KEY_CFBundleDisplayName = "54633°";
				INFOPLIST_KEY_LSApplicationCategoryType = "public.app-category.weather";
				INFOPLIST_KEY_NSLocationAlwaysAndWhenInUseUsageDescription = "This app uses your location to show weather in your location";
				INFOPLIST_KEY_NSLocationUsageDescription = "This app uses your location to show weather in your location";
				INFOPLIST_KEY_NSLocationWhenInUseUsageDescription = "This app uses your location to show weather in your location";
				INFOPLIST_KEY_UIApplicationSceneManifest_Generation = YES;
				INFOPLIST_KEY_UIApplicationSupportsIndirectInputEvents = YES;
				INFOPLIST_KEY_UILaunchScreen_Generation = YES;
				INFOPLIST_KEY_UISupportedInterfaceOrientations = UIInterfaceOrientationPortrait;
				INFOPLIST_KEY_UISupportedInterfaceOrientations_iPad = "UIInterfaceOrientationLandscapeLeft UIInterfaceOrientationLandscapeRight UIInterfaceOrientationPortrait UIInterfaceOrientationPortraitUpsideDown";
				IPHONEOS_DEPLOYMENT_TARGET = 17.0;
				LD_RUNPATH_SEARCH_PATHS = (
					"$(inherited)",
					"@executable_path/Frameworks",
				);
				MARKETING_VERSION = 1.0;
				PRODUCT_BUNDLE_IDENTIFIER = "matt54633.Weather-App";
				PRODUCT_NAME = "$(TARGET_NAME)";
				PROVISIONING_PROFILE_SPECIFIER = "";
				SWIFT_EMIT_LOC_STRINGS = YES;
				SWIFT_VERSION = 5.0;
				TARGETED_DEVICE_FAMILY = "1,2";
			};
			name = Debug;
		};
		765644352A7BBE850098F265 /* Release */ = {
			isa = XCBuildConfiguration;
			buildSettings = {
				ALWAYS_EMBED_SWIFT_STANDARD_LIBRARIES = YES;
				ASSETCATALOG_COMPILER_APPICON_NAME = AppIcon;
				ASSETCATALOG_COMPILER_GLOBAL_ACCENT_COLOR_NAME = AccentColor;
				CODE_SIGN_ENTITLEMENTS = "Weather-App/Weather-App.entitlements";
				CODE_SIGN_IDENTITY = "Apple Development";
				CODE_SIGN_STYLE = Automatic;
				CURRENT_PROJECT_VERSION = 1;
				DEVELOPMENT_ASSET_PATHS = "\"Weather-App/Preview Content\"";
				DEVELOPMENT_TEAM = W8974D23AK;
				ENABLE_PREVIEWS = YES;
				GENERATE_INFOPLIST_FILE = YES;
				INFOPLIST_FILE = "Weather-App/Info.plist";
				INFOPLIST_KEY_CFBundleDisplayName = "54633°";
				INFOPLIST_KEY_LSApplicationCategoryType = "public.app-category.weather";
				INFOPLIST_KEY_NSLocationAlwaysAndWhenInUseUsageDescription = "This app uses your location to show weather in your location";
				INFOPLIST_KEY_NSLocationUsageDescription = "This app uses your location to show weather in your location";
				INFOPLIST_KEY_NSLocationWhenInUseUsageDescription = "This app uses your location to show weather in your location";
				INFOPLIST_KEY_UIApplicationSceneManifest_Generation = YES;
				INFOPLIST_KEY_UIApplicationSupportsIndirectInputEvents = YES;
				INFOPLIST_KEY_UILaunchScreen_Generation = YES;
				INFOPLIST_KEY_UISupportedInterfaceOrientations = UIInterfaceOrientationPortrait;
				INFOPLIST_KEY_UISupportedInterfaceOrientations_iPad = "UIInterfaceOrientationLandscapeLeft UIInterfaceOrientationLandscapeRight UIInterfaceOrientationPortrait UIInterfaceOrientationPortraitUpsideDown";
				IPHONEOS_DEPLOYMENT_TARGET = 17.0;
				LD_RUNPATH_SEARCH_PATHS = (
					"$(inherited)",
					"@executable_path/Frameworks",
				);
				MARKETING_VERSION = 1.0;
				PRODUCT_BUNDLE_IDENTIFIER = "matt54633.Weather-App";
				PRODUCT_NAME = "$(TARGET_NAME)";
				PROVISIONING_PROFILE_SPECIFIER = "";
				SWIFT_EMIT_LOC_STRINGS = YES;
				SWIFT_VERSION = 5.0;
				TARGETED_DEVICE_FAMILY = "1,2";
			};
			name = Release;
		};
/* End XCBuildConfiguration section */

/* Begin XCConfigurationList section */
		76506B3D2A863E920051AC30 /* Build configuration list for PBXNativeTarget "WidgetsExtension" */ = {
			isa = XCConfigurationList;
			buildConfigurations = (
				76506B3E2A863E920051AC30 /* Debug */,
				76506B3F2A863E920051AC30 /* Release */,
			);
			defaultConfigurationIsVisible = 0;
			defaultConfigurationName = Release;
		};
		765644202A7BBE840098F265 /* Build configuration list for PBXProject "Weather-App" */ = {
			isa = XCConfigurationList;
			buildConfigurations = (
				765644312A7BBE850098F265 /* Debug */,
				765644322A7BBE850098F265 /* Release */,
			);
			defaultConfigurationIsVisible = 0;
			defaultConfigurationName = Release;
		};
		765644332A7BBE850098F265 /* Build configuration list for PBXNativeTarget "Weather-App" */ = {
			isa = XCConfigurationList;
			buildConfigurations = (
				765644342A7BBE850098F265 /* Debug */,
				765644352A7BBE850098F265 /* Release */,
			);
			defaultConfigurationIsVisible = 0;
			defaultConfigurationName = Release;
		};
/* End XCConfigurationList section */
	};
	rootObject = 7656441D2A7BBE840098F265 /* Project object */;
}
